
Microsoft Visual Studio Solution File, Format Version 12.00
# Visual Studio 15
Project("{FAE04EC0-301F-11D3-BF4B-00C04F79EFBC}") = "Assembly-CSharp", "Assembly-CSharp.csproj", "{177C378E-005F-D869-DA48-519997DD13AF}"
EndProject
Project("{FAE04EC0-301F-11D3-BF4B-00C04F79EFBC}") = "GoogleMobileAds.Editor", "GoogleMobileAds.Editor.csproj", "{16A3B8FA-9CB6-AC35-C6FF-5BB9FF6E0B9A}"
EndProject
Project("{FAE04EC0-301F-11D3-BF4B-00C04F79EFBC}") = "Assembly-CSharp-Editor", "Assembly-CSharp-Editor.csproj", "{8A2EFE11-FA67-7600-2FAC-54F792334A14}"
EndProject
Global
	GlobalSection(SolutionConfigurationPlatforms) = preSolution
		Debug|Any CPU = Debug|Any CPU
		Release|Any CPU = Release|Any CPU
	EndGlobalSection
	GlobalSection(ProjectConfigurationPlatforms) = postSolution
		{177C378E-005F-D869-DA48-519997DD13AF}.Debug|Any CPU.ActiveCfg = Debug|Any CPU
		{177C378E-005F-D869-DA48-519997DD13AF}.Debug|Any CPU.Build.0 = Debug|Any CPU
		{177C378E-005F-D869-DA48-519997DD13AF}.Release|Any CPU.ActiveCfg = Release|Any CPU
		{177C378E-005F-D869-DA48-519997DD13AF}.Release|Any CPU.Build.0 = Release|Any CPU
		{16A3B8FA-9CB6-AC35-C6FF-5BB9FF6E0B9A}.Debug|Any CPU.ActiveCfg = Debug|Any CPU
		{16A3B8FA-9CB6-AC35-C6FF-5BB9FF6E0B9A}.Debug|Any CPU.Build.0 = Debug|Any CPU
		{16A3B8FA-9CB6-AC35-C6FF-5BB9FF6E0B9A}.Release|Any CPU.ActiveCfg = Release|Any CPU
		{16A3B8FA-9CB6-AC35-C6FF-5BB9FF6E0B9A}.Release|Any CPU.Build.0 = Release|Any CPU
		{8A2EFE11-FA67-7600-2FAC-54F792334A14}.Debug|Any CPU.ActiveCfg = Debug|Any CPU
		{8A2EFE11-FA67-7600-2FAC-54F792334A14}.Debug|Any CPU.Build.0 = Debug|Any CPU
		{8A2EFE11-FA67-7600-2FAC-54F792334A14}.Release|Any CPU.ActiveCfg = Release|Any CPU
		{8A2EFE11-FA67-7600-2FAC-54F792334A14}.Release|Any CPU.Build.0 = Release|Any CPU
	EndGlobalSection
	GlobalSection(SolutionProperties) = preSolution
		HideSolutionNode = FALSE
	EndGlobalSection
EndGlobal
